{
  "name": "@chharvey/requirejson",
  "version": "1.0.2",
  "lockfileVersion": 1,
  "requires": true,
  "dependencies": {
    "@types/json-schema": {
      "version": "7.0.1",
      "resolved": "https://registry.npmjs.org/@types/json-schema/-/json-schema-7.0.1.tgz",
      "integrity": "sha512-NVQEMviDWjuen3UW+mU1J6fZ0WhOfG1yRce/2OTcbaz+fgmTw2cahx6N2wh0Yl+a+hg2UZj/oElZmtULWyGIsA=="
    }
  }
}
